Microsoft Visual Studio Solution File, Format Version 12.00
# Visual Studio Version 17
VisualStudioVersion = 17.5.2.0
MinimumVisualStudioVersion = 10.0.40219.1
Project("{FAE04EC0-301F-11D3-BF4B-00C04F79EFBC}") = "BackendProjeto", "BackendProjeto.csproj", "{35D1DDC2-8A21-D6FE-D3C7-7484BD5FEB7C}"
EndProject
Global
	GlobalSection(SolutionConfigurationPlatforms) = preSolution
		Debug|Any CPU = Debug|Any CPU
		Release|Any CPU = Release|Any CPU
	EndGlobalSection
	GlobalSection(ProjectConfigurationPlatforms) = postSolution
		{35D1DDC2-8A21-D6FE-D3C7-7484BD5FEB7C}.Debug|Any CPU.ActiveCfg = Debug|Any CPU
		{35D1DDC2-8A21-D6FE-D3C7-7484BD5FEB7C}.Debug|Any CPU.Build.0 = Debug|Any CPU
		{35D1DDC2-8A21-D6FE-D3C7-7484BD5FEB7C}.Release|Any CPU.ActiveCfg = Release|Any CPU
		{35D1DDC2-8A21-D6FE-D3C7-7484BD5FEB7C}.Release|Any CPU.Build.0 = Release|Any CPU
	EndGlobalSection
	GlobalSection(SolutionProperties) = preSolution
		HideSolutionNode = FALSE
	EndGlobalSection
	GlobalSection(ExtensibilityGlobals) = postSolution
		SolutionGuid = {D9693DC1-1069-408D-B96B-A61C6ACF9186}
	EndGlobalSection
EndGlobal
